
Microsoft Visual Studio Solution File, Format Version 12.00
# Visual Studio Version 17
VisualStudioVersion = 17.4.33205.214
MinimumVisualStudioVersion = 10.0.40219.1
Project("{FAE04EC0-301F-11D3-BF4B-00C04F79EFBC}") = "Resortify", "Resortify\Resortify.csproj", "{F59334DE-F5F3-4A68-B047-ADB0CC2796F9}"
EndProject
Global
	GlobalSection(SolutionConfigurationPlatforms) = preSolution
		Debug|Any CPU = Debug|Any CPU
		Release|Any CPU = Release|Any CPU
	EndGlobalSection
	GlobalSection(ProjectConfigurationPlatforms) = postSolution
		{F59334DE-F5F3-4A68-B047-ADB0CC2796F9}.Debug|Any CPU.ActiveCfg = Debug|Any CPU
		{F59334DE-F5F3-4A68-B047-ADB0CC2796F9}.Debug|Any CPU.Build.0 = Debug|Any CPU
		{F59334DE-F5F3-4A68-B047-ADB0CC2796F9}.Release|Any CPU.ActiveCfg = Release|Any CPU
		{F59334DE-F5F3-4A68-B047-ADB0CC2796F9}.Release|Any CPU.Build.0 = Release|Any CPU
	EndGlobalSection
	GlobalSection(SolutionProperties) = preSolution
		HideSolutionNode = FALSE
	EndGlobalSection
	GlobalSection(ExtensibilityGlobals) = postSolution
		SolutionGuid = {9C4770B6-09B1-4482-A975-20C2EB7B7BC8}
	EndGlobalSection
EndGlobal
